
Microsoft Visual Studio Solution File, Format Version 12.00
# Visual Studio Version 17
VisualStudioVersion = 17.14.36221.1
MinimumVisualStudioVersion = 10.0.40219.1
Project("{FAE04EC0-301F-11D3-BF4B-00C04F79EFBC}") = "HollowKnight", "HollowKnight\HollowKnight.csproj", "{AAAAAAAA-BBBB-CCCC-DDDD-EEEEEEEEEEEE}"
EndProject
Global
	GlobalSection(SolutionConfigurationPlatforms) = preSolution
		Debug-BepInEx|Any CPU = Debug-BepInEx|Any CPU
		Debug-MelonLoader|Any CPU = Debug-MelonLoader|Any CPU
		Release-BepInEx|Any CPU = Release-BepInEx|Any CPU
		Release-MelonLoader|Any CPU = Release-MelonLoader|Any CPU
	EndGlobalSection
	GlobalSection(ProjectConfigurationPlatforms) = postSolution
		{AAAAAAAA-BBBB-CCCC-DDDD-EEEEEEEEEEEE}.Debug-BepInEx|Any CPU.ActiveCfg = Debug-BepInEx|Any CPU
		{AAAAAAAA-BBBB-CCCC-DDDD-EEEEEEEEEEEE}.Debug-BepInEx|Any CPU.Build.0 = Debug-BepInEx|Any CPU
		{AAAAAAAA-BBBB-CCCC-DDDD-EEEEEEEEEEEE}.Debug-MelonLoader|Any CPU.ActiveCfg = Debug-MelonLoader|Any CPU
		{AAAAAAAA-BBBB-CCCC-DDDD-EEEEEEEEEEEE}.Debug-MelonLoader|Any CPU.Build.0 = Debug-MelonLoader|Any CPU
		{AAAAAAAA-BBBB-CCCC-DDDD-EEEEEEEEEEEE}.Release-BepInEx|Any CPU.ActiveCfg = Release-BepInEx|Any CPU
		{AAAAAAAA-BBBB-CCCC-DDDD-EEEEEEEEEEEE}.Release-BepInEx|Any CPU.Build.0 = Release-BepInEx|Any CPU
		{AAAAAAAA-BBBB-CCCC-DDDD-EEEEEEEEEEEE}.Release-MelonLoader|Any CPU.ActiveCfg = Release-MelonLoader|Any CPU
		{AAAAAAAA-BBBB-CCCC-DDDD-EEEEEEEEEEEE}.Release-MelonLoader|Any CPU.Build.0 = Release-MelonLoader|Any CPU
	EndGlobalSection
	GlobalSection(SolutionProperties) = preSolution
		HideSolutionNode = FALSE
	EndGlobalSection
	GlobalSection(ExtensibilityGlobals) = postSolution
		SolutionGuid = {11111111-2222-3333-4444-555555555555}
	EndGlobalSection
EndGlobal
